// !$*UTF8*$!
{
	archiveVersion = 1;
	classes = {
	};
	objectVersion = 46;
	objects = {

/* Begin PBXBuildFile section */
		F3269D8F150390E000C7D2DA /* UIKit.framework in Frameworks */ = {isa = PBXBuildFile; fileRef = F3269D8E150390E000C7D2DA /* UIKit.framework */; };
		F3269D91150390E000C7D2DA /* Foundation.framework in Frameworks */ = {isa = PBXBuildFile; fileRef = F3269D90150390E000C7D2DA /* Foundation.framework */; };
		F3269D93150390E000C7D2DA /* CoreGraphics.framework in Frameworks */ = {isa = PBXBuildFile; fileRef = F3269D92150390E000C7D2DA /* CoreGraphics.framework */; };
		F3269D99150390E000C7D2DA /* InfoPlist.strings in Resources */ = {isa = PBXBuildFile; fileRef = F3269D97150390E000C7D2DA /* InfoPlist.strings */; };
		F3269D9B150390E000C7D2DA /* main.m in Sources */ = {isa = PBXBuildFile; fileRef = F3269D9A150390E000C7D2DA /* main.m */; };
		F3269D9F150390E100C7D2DA /* RCIAppDelegate.m in Sources */ = {isa = PBXBuildFile; fileRef = F3269D9E150390E100C7D2DA /* RCIAppDelegate.m */; };
		F3269DA2150390E100C7D2DA /* MainStoryboard_iPhone.storyboard in Resources */ = {isa = PBXBuildFile; fileRef = F3269DA0150390E100C7D2DA /* MainStoryboard_iPhone.storyboard */; };
		F3269DA5150390E100C7D2DA /* MainStoryboard_iPad.storyboard in Resources */ = {isa = PBXBuildFile; fileRef = F3269DA3150390E100C7D2DA /* MainStoryboard_iPad.storyboard */; };
		F3269DA8150390E100C7D2DA /* RCIViewController.m in Sources */ = {isa = PBXBuildFile; fileRef = F3269DA7150390E100C7D2DA /* RCIViewController.m */; };
		F3D546021503A59700F5A9E3 /* CFNetwork.framework in Frameworks */ = {isa = PBXBuildFile; fileRef = F3D546001503A59700F5A9E3 /* CFNetwork.framework */; };
		F3D546031503A59700F5A9E3 /* CoreData.framework in Frameworks */ = {isa = PBXBuildFile; fileRef = F3D546011503A59700F5A9E3 /* CoreData.framework */; };
		F3D546051503A5A600F5A9E3 /* MobileCoreServices.framework in Frameworks */ = {isa = PBXBuildFile; fileRef = F3D546041503A5A600F5A9E3 /* MobileCoreServices.framework */; };
		F3D546081503A5B000F5A9E3 /* Security.framework in Frameworks */ = {isa = PBXBuildFile; fileRef = F3D546061503A5B000F5A9E3 /* Security.framework */; };
		F3D546091503A5B000F5A9E3 /* SystemConfiguration.framework in Frameworks */ = {isa = PBXBuildFile; fileRef = F3D546071503A5B000F5A9E3 /* SystemConfiguration.framework */; };
		F3D5460B1503A5BC00F5A9E3 /* QuartzCore.framework in Frameworks */ = {isa = PBXBuildFile; fileRef = F3D5460A1503A5BC00F5A9E3 /* QuartzCore.framework */; };
		F3D5460D1503A5CE00F5A9E3 /* libxml2.dylib in Frameworks */ = {isa = PBXBuildFile; fileRef = F3D5460C1503A5CE00F5A9E3 /* libxml2.dylib */; };
		F3D5462B1503A76700F5A9E3 /* libRestKit.a in Frameworks */ = {isa = PBXBuildFile; fileRef = F3D546241503A62F00F5A9E3 /* libRestKit.a */; };
/* End PBXBuildFile section */

/* Begin PBXContainerItemProxy section */
		F3D546231503A62F00F5A9E3 /* PBXContainerItemProxy */ = {
			isa = PBXContainerItemProxy;
			containerPortal = F3D545EA1503A44D00F5A9E3 /* RestKit.xcodeproj */;
			proxyType = 2;
			remoteGlobalIDString = 25160D1614564E810060A5C5;
			remoteInfo = RestKit;
		};
		F3D546251503A62F00F5A9E3 /* PBXContainerItemProxy */ = {
			isa = PBXContainerItemProxy;
			containerPortal = F3D545EA1503A44D00F5A9E3 /* RestKit.xcodeproj */;
			proxyType = 2;
			remoteGlobalIDString = 25160D2614564E820060A5C5;
			remoteInfo = RestKitTests;
		};
		F3D546271503A62F00F5A9E3 /* PBXContainerItemProxy */ = {
			isa = PBXContainerItemProxy;
			containerPortal = F3D545EA1503A44D00F5A9E3 /* RestKit.xcodeproj */;
			proxyType = 2;
			remoteGlobalIDString = 25160E62145651060060A5C5;
			remoteInfo = RestKitFramework;
		};
		F3D546291503A62F00F5A9E3 /* PBXContainerItemProxy */ = {
			isa = PBXContainerItemProxy;
			containerPortal = F3D545EA1503A44D00F5A9E3 /* RestKit.xcodeproj */;
			proxyType = 2;
			remoteGlobalIDString = 25160E78145651060060A5C5;
			remoteInfo = RestKitFrameworkTests;
		};
		F3D5462C1503A78800F5A9E3 /* PBXContainerItemProxy */ = {
			isa = PBXContainerItemProxy;
			containerPortal = F3D545EA1503A44D00F5A9E3 /* RestKit.xcodeproj */;
			proxyType = 1;
			remoteGlobalIDString = 25160D1514564E810060A5C5;
			remoteInfo = RestKit;
		};
/* End PBXContainerItemProxy section */

/* Begin PBXFileReference section */
		F3269D8A150390E000C7D2DA /* Ruby China.app */ = {isa = PBXFileReference; explicitFileType = wrapper.application; includeInIndex = 0; path = "Ruby China.app"; sourceTree = BUILT_PRODUCTS_DIR; };
		F3269D8E150390E000C7D2DA /* UIKit.framework */ = {isa = PBXFileReference; lastKnownFileType = wrapper.framework; name = UIKit.framework; path = System/Library/Frameworks/UIKit.framework; sourceTree = SDKROOT; };
		F3269D90150390E000C7D2DA /* Foundation.framework */ = {isa = PBXFileReference; lastKnownFileType = wrapper.framework; name = Foundation.framework; path = System/Library/Frameworks/Foundation.framework; sourceTree = SDKROOT; };
		F3269D92150390E000C7D2DA /* CoreGraphics.framework */ = {isa = PBXFileReference; lastKnownFileType = wrapper.framework; name = CoreGraphics.framework; path = System/Library/Frameworks/CoreGraphics.framework; sourceTree = SDKROOT; };
		F3269D96150390E000C7D2DA /* Ruby China-Info.plist */ = {isa = PBXFileReference; lastKnownFileType = text.plist.xml; path = "Ruby China-Info.plist"; sourceTree = "<group>"; };
		F3269D98150390E000C7D2DA /* en */ = {isa = PBXFileReference; lastKnownFileType = text.plist.strings; name = en; path = en.lproj/InfoPlist.strings; sourceTree = "<group>"; };
		F3269D9A150390E000C7D2DA /* main.m */ = {isa = PBXFileReference; lastKnownFileType = sourcecode.c.objc; path = main.m; sourceTree = "<group>"; };
		F3269D9C150390E000C7D2DA /* Ruby China-Prefix.pch */ = {isa = PBXFileReference; lastKnownFileType = sourcecode.c.h; path = "Ruby China-Prefix.pch"; sourceTree = "<group>"; };
		F3269D9D150390E000C7D2DA /* RCIAppDelegate.h */ = {isa = PBXFileReference; lastKnownFileType = sourcecode.c.h; path = RCIAppDelegate.h; sourceTree = "<group>"; };
		F3269D9E150390E100C7D2DA /* RCIAppDelegate.m */ = {isa = PBXFileReference; lastKnownFileType = sourcecode.c.objc; path = RCIAppDelegate.m; sourceTree = "<group>"; };
		F3269DA1150390E100C7D2DA /* en */ = {isa = PBXFileReference; lastKnownFileType = file.storyboard; name = en; path = en.lproj/MainStoryboard_iPhone.storyboard; sourceTree = "<group>"; };
		F3269DA4150390E100C7D2DA /* en */ = {isa = PBXFileReference; lastKnownFileType = file.storyboard; name = en; path = en.lproj/MainStoryboard_iPad.storyboard; sourceTree = "<group>"; };
		F3269DA6150390E100C7D2DA /* RCIViewController.h */ = {isa = PBXFileReference; lastKnownFileType = sourcecode.c.h; path = RCIViewController.h; sourceTree = "<group>"; };
		F3269DA7150390E100C7D2DA /* RCIViewController.m */ = {isa = PBXFileReference; lastKnownFileType = sourcecode.c.objc; path = RCIViewController.m; sourceTree = "<group>"; };
		F3D545EA1503A44D00F5A9E3 /* RestKit.xcodeproj */ = {isa = PBXFileReference; lastKnownFileType = "wrapper.pb-project"; name = RestKit.xcodeproj; path = ../RestKit/RestKit.xcodeproj; sourceTree = "<group>"; };
		F3D546001503A59700F5A9E3 /* CFNetwork.framework */ = {isa = PBXFileReference; lastKnownFileType = wrapper.framework; name = CFNetwork.framework; path = System/Library/Frameworks/CFNetwork.framework; sourceTree = SDKROOT; };
		F3D546011503A59700F5A9E3 /* CoreData.framework */ = {isa = PBXFileReference; lastKnownFileType = wrapper.framework; name = CoreData.framework; path = System/Library/Frameworks/CoreData.framework; sourceTree = SDKROOT; };
		F3D546041503A5A600F5A9E3 /* MobileCoreServices.framework */ = {isa = PBXFileReference; lastKnownFileType = wrapper.framework; name = MobileCoreServices.framework; path = System/Library/Frameworks/MobileCoreServices.framework; sourceTree = SDKROOT; };
		F3D546061503A5B000F5A9E3 /* Security.framework */ = {isa = PBXFileReference; lastKnownFileType = wrapper.framework; name = Security.framework; path = System/Library/Frameworks/Security.framework; sourceTree = SDKROOT; };
		F3D546071503A5B000F5A9E3 /* SystemConfiguration.framework */ = {isa = PBXFileReference; lastKnownFileType = wrapper.framework; name = SystemConfiguration.framework; path = System/Library/Frameworks/SystemConfiguration.framework; sourceTree = SDKROOT; };
		F3D5460A1503A5BC00F5A9E3 /* QuartzCore.framework */ = {isa = PBXFileReference; lastKnownFileType = wrapper.framework; name = QuartzCore.framework; path = System/Library/Frameworks/QuartzCore.framework; sourceTree = SDKROOT; };
		F3D5460C1503A5CE00F5A9E3 /* libxml2.dylib */ = {isa = PBXFileReference; lastKnownFileType = "compiled.mach-o.dylib"; name = libxml2.dylib; path = usr/lib/libxml2.dylib; sourceTree = SDKROOT; };
/* End PBXFileReference section */

/* Begin PBXFrameworksBuildPhase section */
		F3269D87150390E000C7D2DA /* Frameworks */ = {
			isa = PBXFrameworksBuildPhase;
			buildActionMask = 2147483647;
			files = (
				F3D5462B1503A76700F5A9E3 /* libRestKit.a in Frameworks */,
				F3D5460D1503A5CE00F5A9E3 /* libxml2.dylib in Frameworks */,
				F3D5460B1503A5BC00F5A9E3 /* QuartzCore.framework in Frameworks */,
				F3D546081503A5B000F5A9E3 /* Security.framework in Frameworks */,
				F3D546091503A5B000F5A9E3 /* SystemConfiguration.framework in Frameworks */,
				F3D546051503A5A600F5A9E3 /* MobileCoreServices.framework in Frameworks */,
				F3D546021503A59700F5A9E3 /* CFNetwork.framework in Frameworks */,
				F3D546031503A59700F5A9E3 /* CoreData.framework in Frameworks */,
				F3269D8F150390E000C7D2DA /* UIKit.framework in Frameworks */,
				F3269D91150390E000C7D2DA /* Foundation.framework in Frameworks */,
				F3269D93150390E000C7D2DA /* CoreGraphics.framework in Frameworks */,
			);
			runOnlyForDeploymentPostprocessing = 0;
		};
/* End PBXFrameworksBuildPhase section */

/* Begin PBXGroup section */
		F3269D7F150390E000C7D2DA = {
			isa = PBXGroup;
			children = (
				F3269D94150390E000C7D2DA /* Ruby China */,
				F3269D8D150390E000C7D2DA /* Frameworks */,
				F3269D8B150390E000C7D2DA /* Products */,
			);
			sourceTree = "<group>";
		};
		F3269D8B150390E000C7D2DA /* Products */ = {
			isa = PBXGroup;
			children = (
				F3269D8A150390E000C7D2DA /* Ruby China.app */,
			);
			name = Products;
			sourceTree = "<group>";
		};
		F3269D8D150390E000C7D2DA /* Frameworks */ = {
			isa = PBXGroup;
			children = (
				F3D5460C1503A5CE00F5A9E3 /* libxml2.dylib */,
				F3D5460A1503A5BC00F5A9E3 /* QuartzCore.framework */,
				F3D546061503A5B000F5A9E3 /* Security.framework */,
				F3D546071503A5B000F5A9E3 /* SystemConfiguration.framework */,
				F3D546041503A5A600F5A9E3 /* MobileCoreServices.framework */,
				F3D546001503A59700F5A9E3 /* CFNetwork.framework */,
				F3D546011503A59700F5A9E3 /* CoreData.framework */,
				F3269D8E150390E000C7D2DA /* UIKit.framework */,
				F3269D90150390E000C7D2DA /* Foundation.framework */,
				F3269D92150390E000C7D2DA /* CoreGraphics.framework */,
			);
			name = Frameworks;
			sourceTree = "<group>";
		};
		F3269D94150390E000C7D2DA /* Ruby China */ = {
			isa = PBXGroup;
			children = (
				F3D545EA1503A44D00F5A9E3 /* RestKit.xcodeproj */,
				F3269D9D150390E000C7D2DA /* RCIAppDelegate.h */,
				F3269D9E150390E100C7D2DA /* RCIAppDelegate.m */,
				F3269DA0150390E100C7D2DA /* MainStoryboard_iPhone.storyboard */,
				F3269DA3150390E100C7D2DA /* MainStoryboard_iPad.storyboard */,
				F3269DA6150390E100C7D2DA /* RCIViewController.h */,
				F3269DA7150390E100C7D2DA /* RCIViewController.m */,
				F3269D95150390E000C7D2DA /* Supporting Files */,
			);
			path = "Ruby China";
			sourceTree = "<group>";
		};
		F3269D95150390E000C7D2DA /* Supporting Files */ = {
			isa = PBXGroup;
			children = (
				F3269D96150390E000C7D2DA /* Ruby China-Info.plist */,
				F3269D97150390E000C7D2DA /* InfoPlist.strings */,
				F3269D9A150390E000C7D2DA /* main.m */,
				F3269D9C150390E000C7D2DA /* Ruby China-Prefix.pch */,
			);
			name = "Supporting Files";
			sourceTree = "<group>";
		};
		F3D5461D1503A62F00F5A9E3 /* Products */ = {
			isa = PBXGroup;
			children = (
				F3D546241503A62F00F5A9E3 /* libRestKit.a */,
				F3D546261503A62F00F5A9E3 /* RestKitTests.octest */,
				F3D546281503A62F00F5A9E3 /* RestKit.framework */,
				F3D5462A1503A62F00F5A9E3 /* RestKitFrameworkTests.octest */,
			);
			name = Products;
			sourceTree = "<group>";
		};
/* End PBXGroup section */

/* Begin PBXNativeTarget section */
		F3269D89150390E000C7D2DA /* Ruby China */ = {
			isa = PBXNativeTarget;
			buildConfigurationList = F3269DAB150390E100C7D2DA /* Build configuration list for PBXNativeTarget "Ruby China" */;
			buildPhases = (
				F3269D86150390E000C7D2DA /* Sources */,
				F3269D87150390E000C7D2DA /* Frameworks */,
				F3269D88150390E000C7D2DA /* Resources */,
			);
			buildRules = (
			);
			dependencies = (
				F3D5462D1503A78800F5A9E3 /* PBXTargetDependency */,
			);
			name = "Ruby China";
			productName = "Ruby China";
			productReference = F3269D8A150390E000C7D2DA /* Ruby China.app */;
			productType = "com.apple.product-type.application";
		};
/* End PBXNativeTarget section */

/* Begin PBXProject section */
		F3269D81150390E000C7D2DA /* Project object */ = {
			isa = PBXProject;
			attributes = {
				CLASSPREFIX = RCI;
				LastUpgradeCheck = 0430;
				ORGANIZATIONNAME = lainuo.info;
			};
			buildConfigurationList = F3269D84150390E000C7D2DA /* Build configuration list for PBXProject "Ruby China" */;
			compatibilityVersion = "Xcode 3.2";
			developmentRegion = English;
			hasScannedForEncodings = 0;
			knownRegions = (
				en,
			);
			mainGroup = F3269D7F150390E000C7D2DA;
			productRefGroup = F3269D8B150390E000C7D2DA /* Products */;
			projectDirPath = "";
			projectReferences = (
				{
					ProductGroup = F3D5461D1503A62F00F5A9E3 /* Products */;
					ProjectRef = F3D545EA1503A44D00F5A9E3 /* RestKit.xcodeproj */;
				},
			);
			projectRoot = "";
			targets = (
				F3269D89150390E000C7D2DA /* Ruby China */,
			);
		};
/* End PBXProject section */

/* Begin PBXReferenceProxy section */
		F3D546241503A62F00F5A9E3 /* libRestKit.a */ = {
			isa = PBXReferenceProxy;
			fileType = archive.ar;
			path = libRestKit.a;
			remoteRef = F3D546231503A62F00F5A9E3 /* PBXContainerItemProxy */;
			sourceTree = BUILT_PRODUCTS_DIR;
		};
		F3D546261503A62F00F5A9E3 /* RestKitTests.octest */ = {
			isa = PBXReferenceProxy;
			fileType = wrapper.cfbundle;
			path = RestKitTests.octest;
			remoteRef = F3D546251503A62F00F5A9E3 /* PBXContainerItemProxy */;
			sourceTree = BUILT_PRODUCTS_DIR;
		};
		F3D546281503A62F00F5A9E3 /* RestKit.framework */ = {
			isa = PBXReferenceProxy;
			fileType = wrapper.framework;
			path = RestKit.framework;
			remoteRef = F3D546271503A62F00F5A9E3 /* PBXContainerItemProxy */;
			sourceTree = BUILT_PRODUCTS_DIR;
		};
		F3D5462A1503A62F00F5A9E3 /* RestKitFrameworkTests.octest */ = {
			isa = PBXReferenceProxy;
			fileType = wrapper.cfbundle;
			path = RestKitFrameworkTests.octest;
			remoteRef = F3D546291503A62F00F5A9E3 /* PBXContainerItemProxy */;
			sourceTree = BUILT_PRODUCTS_DIR;
		};
/* End PBXReferenceProxy section */

/* Begin PBXResourcesBuildPhase section */
		F3269D88150390E000C7D2DA /* Resources */ = {
			isa = PBXResourcesBuildPhase;
			buildActionMask = 2147483647;
			files = (
				F3269D99150390E000C7D2DA /* InfoPlist.strings in Resources */,
				F3269DA2150390E100C7D2DA /* MainStoryboard_iPhone.storyboard in Resources */,
				F3269DA5150390E100C7D2DA /* MainStoryboard_iPad.storyboard in Resources */,
			);
			runOnlyForDeploymentPostprocessing = 0;
		};
/* End PBXResourcesBuildPhase section */

/* Begin PBXSourcesBuildPhase section */
		F3269D86150390E000C7D2DA /* Sources */ = {
			isa = PBXSourcesBuildPhase;
			buildActionMask = 2147483647;
			files = (
				F3269D9B150390E000C7D2DA /* main.m in Sources */,
				F3269D9F150390E100C7D2DA /* RCIAppDelegate.m in Sources */,
				F3269DA8150390E100C7D2DA /* RCIViewController.m in Sources */,
			);
			runOnlyForDeploymentPostprocessing = 0;
		};
/* End PBXSourcesBuildPhase section */

/* Begin PBXTargetDependency section */
		F3D5462D1503A78800F5A9E3 /* PBXTargetDependency */ = {
			isa = PBXTargetDependency;
			name = RestKit;
			targetProxy = F3D5462C1503A78800F5A9E3 /* PBXContainerItemProxy */;
		};
/* End PBXTargetDependency section */

/* Begin PBXVariantGroup section */
		F3269D97150390E000C7D2DA /* InfoPlist.strings */ = {
			isa = PBXVariantGroup;
			children = (
				F3269D98150390E000C7D2DA /* en */,
			);
			name = InfoPlist.strings;
			sourceTree = "<group>";
		};
		F3269DA0150390E100C7D2DA /* MainStoryboard_iPhone.storyboard */ = {
			isa = PBXVariantGroup;
			children = (
				F3269DA1150390E100C7D2DA /* en */,
			);
			name = MainStoryboard_iPhone.storyboard;
			sourceTree = "<group>";
		};
		F3269DA3150390E100C7D2DA /* MainStoryboard_iPad.storyboard */ = {
			isa = PBXVariantGroup;
			children = (
				F3269DA4150390E100C7D2DA /* en */,
			);
			name = MainStoryboard_iPad.storyboard;
			sourceTree = "<group>";
		};
/* End PBXVariantGroup section */

/* Begin XCBuildConfiguration section */
		F3269DA9150390E100C7D2DA /* Debug */ = {
			isa = XCBuildConfiguration;
			buildSettings = {
				ALWAYS_SEARCH_USER_PATHS = NO;
				ARCHS = "$(ARCHS_STANDARD_32_BIT)";
				CLANG_ENABLE_OBJC_ARC = YES;
				"CODE_SIGN_IDENTITY[sdk=iphoneos*]" = "iPhone Developer";
				COPY_PHASE_STRIP = NO;
				GCC_C_LANGUAGE_STANDARD = gnu99;
				GCC_DYNAMIC_NO_PIC = NO;
				GCC_OPTIMIZATION_LEVEL = 0;
				GCC_PREPROCESSOR_DEFINITIONS = (
					"DEBUG=1",
					"$(inherited)",
				);
				GCC_SYMBOLS_PRIVATE_EXTERN = NO;
				GCC_VERSION = com.apple.compilers.llvm.clang.1_0;
				GCC_WARN_ABOUT_RETURN_TYPE = YES;
				GCC_WARN_UNINITIALIZED_AUTOS = YES;
				GCC_WARN_UNUSED_VARIABLE = YES;
				IPHONEOS_DEPLOYMENT_TARGET = 5.0;
				SDKROOT = iphoneos;
				TARGETED_DEVICE_FAMILY = "1,2";
			};
			name = Debug;
		};
		F3269DAA150390E100C7D2DA /* Release */ = {
			isa = XCBuildConfiguration;
			buildSettings = {
				ALWAYS_SEARCH_USER_PATHS = NO;
				ARCHS = "$(ARCHS_STANDARD_32_BIT)";
				CLANG_ENABLE_OBJC_ARC = YES;
				"CODE_SIGN_IDENTITY[sdk=iphoneos*]" = "iPhone Developer";
				COPY_PHASE_STRIP = YES;
				GCC_C_LANGUAGE_STANDARD = gnu99;
				GCC_VERSION = com.apple.compilers.llvm.clang.1_0;
				GCC_WARN_ABOUT_RETURN_TYPE = YES;
				GCC_WARN_UNINITIALIZED_AUTOS = YES;
				GCC_WARN_UNUSED_VARIABLE = YES;
				IPHONEOS_DEPLOYMENT_TARGET = 5.0;
				OTHER_CFLAGS = "-DNS_BLOCK_ASSERTIONS=1";
				SDKROOT = iphoneos;
				TARGETED_DEVICE_FAMILY = "1,2";
				VALIDATE_PRODUCT = YES;
			};
			name = Release;
		};
		F3269DAC150390E100C7D2DA /* Debug */ = {
			isa = XCBuildConfiguration;
			buildSettings = {
				GCC_PRECOMPILE_PREFIX_HEADER = YES;
				GCC_PREFIX_HEADER = "Ruby China/Ruby China-Prefix.pch";
				HEADER_SEARCH_PATHS = "\"$(SOURCE_ROOT)/RestKit/Build\"";
				INFOPLIST_FILE = "Ruby China/Ruby China-Info.plist";
				OTHER_LDFLAGS = (
					"-ObjC",
					"-all_load",
				);
				PRODUCT_NAME = "$(TARGET_NAME)";
				WRAPPER_EXTENSION = app;
			};
			name = Debug;
		};
		F3269DAD150390E100C7D2DA /* Release */ = {
			isa = XCBuildConfiguration;
			buildSettings = {
				GCC_PRECOMPILE_PREFIX_HEADER = YES;
				GCC_PREFIX_HEADER = "Ruby China/Ruby China-Prefix.pch";
				HEADER_SEARCH_PATHS = "\"$(SOURCE_ROOT)/RestKit/Build\"";
				INFOPLIST_FILE = "Ruby China/Ruby China-Info.plist";
				OTHER_LDFLAGS = (
					"-ObjC",
					"-all_load",
				);
				PRODUCT_NAME = "$(TARGET_NAME)";
				WRAPPER_EXTENSION = app;
			};
			name = Release;
		};
/* End XCBuildConfiguration section */

/* Begin XCConfigurationList section */
		F3269D84150390E000C7D2DA /* Build configuration list for PBXProject "Ruby China" */ = {
			isa = XCConfigurationList;
			buildConfigurations = (
				F3269DA9150390E100C7D2DA /* Debug */,
				F3269DAA150390E100C7D2DA /* Release */,
			);
			defaultConfigurationIsVisible = 0;
			defaultConfigurationName = Release;
		};
		F3269DAB150390E100C7D2DA /* Build configuration list for PBXNativeTarget "Ruby China" */ = {
			isa = XCConfigurationList;
			buildConfigurations = (
				F3269DAC150390E100C7D2DA /* Debug */,
				F3269DAD150390E100C7D2DA /* Release */,
			);
			defaultConfigurationIsVisible = 0;
			defaultConfigurationName = Release;
		};
/* End XCConfigurationList section */
	};
	rootObject = F3269D81150390E000C7D2DA /* Project object */;
}
